{
  "name": "rayfin-functions",
  "version": "1.0.0",
  "lockfileVersion": 3,
  "requires": true,
  "packages": {
    "": {
      "name": "rayfin-functions",
      "version": "1.0.0",
      "dependencies": {
        "@microsoft/fabric-user-data-functions": "1.34.0"
      },
      "devDependencies": {
        "typescript": "^5.8.3"
      }
    },
    "node_modules/@azure/functions": {
      "version": "4.16.2",
      "resolved": "https://registry.npmjs.org/@azure/functions/-/functions-4.16.2.tgz",
      "integrity": "sha512-6uq0Z7e3njy8fHpgCVIJWDtbkZz+BYXc6L8fQjisf8+hPdnauM5yZ70j9YC8xas6zvL1dFA+EfLuZcNYyuWLTg==",
      "license": "MIT",
      "dependencies": {
        "@azure/functions-extensions-base": "0.3.0",
        "cookie": "^0.7.0"
      },
      "engines": {
        "node": ">=20.0"
      }
    },
    "node_modules/@azure/functions-extensions-base": {
      "version": "0.3.0",
      "resolved": "https://registry.npmjs.org/@azure/functions-extensions-base/-/functions-extensions-base-0.3.0.tgz",
      "integrity": "sha512-Cux0hLu5ZXlC/Kb+yvJVhRLIdkfFwui2HeT5oGZL00r/GCUUkhGTzRfZUjRN4Bq729mPv3okPucz2z7SMQLStA==",
      "license": "MIT",
      "engines": {
        "node": ">=18.0"
      }
    },
    "node_modules/@microsoft/fabric-user-data-functions": {
      "version": "1.34.0",
      "resolved": "https://registry.npmjs.org/@microsoft/fabric-user-data-functions/-/fabric-user-data-functions-1.34.0.tgz",
      "integrity": "sha512-+hp8LTxDcKS9zo2LULBWOrs4LRKjg+yDdMG+dywauy0HcPdCwqwEXRrRURau/ovIdzIXN0hJxmyRNcmJ/gVI7w==",
      "license": "MIT",
      "dependencies": {
        "@azure/functions": "^4.0.0",
        "@microsoft/rayfin-client": "1.34.0"
      },
      "engines": {
        "node": ">=20.0.0 <21.0.0 || >=22.0.0 <23.0.0 || >=24.0.0 <25.0.0"
      }
    },
    "node_modules/@microsoft/rayfin-auth": {
      "version": "1.34.0",
      "resolved": "https://registry.npmjs.org/@microsoft/rayfin-auth/-/rayfin-auth-1.34.0.tgz",
      "integrity": "sha512-x/PjjPtYCWC26zULl/k/ygIHeF692iPWhprPorroSrbkMRwfV6aScHJGKV/xrtXBYjFaKO1HLtcYOQOIXy/QiQ==",
      "license": "MIT",
      "dependencies": {
        "@microsoft/rayfin-lib": "1.34.0"
      }
    },
    "node_modules/@microsoft/rayfin-client": {
      "version": "1.34.0",
      "resolved": "https://registry.npmjs.org/@microsoft/rayfin-client/-/rayfin-client-1.34.0.tgz",
      "integrity": "sha512-QTHhDLrLXDNmfm+s25KIU+xyztDmTROYirU+ceYsDXL78Iy34Tg+sMaXmbQPGlBuIC4yJMBwFWNtnl7CwsAh8w==",
      "license": "MIT",
      "dependencies": {
        "@microsoft/rayfin-auth": "1.34.0",
        "@microsoft/rayfin-connectors": "1.34.0",
        "@microsoft/rayfin-data": "1.34.0",
        "@microsoft/rayfin-functions": "1.34.0",
        "@microsoft/rayfin-lib": "1.34.0"
      }
    },
    "node_modules/@microsoft/rayfin-connectors": {
      "version": "1.34.0",
      "resolved": "https://registry.npmjs.org/@microsoft/rayfin-connectors/-/rayfin-connectors-1.34.0.tgz",
      "integrity": "sha512-fCo/bg9lwzHsWYaMZP9Ed0DUqubP4REIEUcSILk/owvv9tWroE7aTHqwm3jWBtJ53XG+ywgFV8+oDNmGUi8ljQ==",
      "license": "MIT",
      "dependencies": {
        "@microsoft/rayfin-lib": "1.34.0"
      }
    },
    "node_modules/@microsoft/rayfin-core": {
      "version": "1.34.0",
      "resolved": "https://registry.npmjs.org/@microsoft/rayfin-core/-/rayfin-core-1.34.0.tgz",
      "integrity": "sha512-y3Eaicszhw7njg/LJiXUCTtiBmJFg3kheuTLzkgHlqNJvknFkiCTqERC7W/NWYmoiEHn4jOY0cbTXZrEc7i6YA==",
      "license": "MIT",
      "dependencies": {
        "@microsoft/rayfin-lib": "1.34.0",
        "@standard-schema/spec": "^1.1.0"
      },
      "peerDependencies": {
        "typescript": "^5.0.0"
      }
    },
    "node_modules/@microsoft/rayfin-data": {
      "version": "1.34.0",
      "resolved": "https://registry.npmjs.org/@microsoft/rayfin-data/-/rayfin-data-1.34.0.tgz",
      "integrity": "sha512-XI9dCBOI6x67LBjmR+MHk7xMXpVExNrbRfBNxd4giI0Rt9Rk1IwdyMD1339u3Ra8YlHVFwvFlngajX3Yxbdt7w==",
      "license": "MIT",
      "dependencies": {
        "@microsoft/rayfin-core": "1.34.0",
        "@microsoft/rayfin-lib": "1.34.0"
      }
    },
    "node_modules/@microsoft/rayfin-functions": {
      "version": "1.34.0",
      "resolved": "https://registry.npmjs.org/@microsoft/rayfin-functions/-/rayfin-functions-1.34.0.tgz",
      "integrity": "sha512-LvjPGIsDHO7OCms6495B9Ay53lAv5Uiq1weMBteV1lYQhYd9bfcvbHsD6m0n5qYl5e07aRIvcXEYBj5/9JSQvg==",
      "license": "MIT",
      "dependencies": {
        "@microsoft/rayfin-lib": "1.34.0"
      }
    },
    "node_modules/@microsoft/rayfin-lib": {
      "version": "1.34.0",
      "resolved": "https://registry.npmjs.org/@microsoft/rayfin-lib/-/rayfin-lib-1.34.0.tgz",
      "integrity": "sha512-2eUaiqHF7xxBp8wMpzBGdyOa0k6Y5RKwhVDev+G5Px7W92A/3wXE+iQqaHmoIkuH2qTGpB8fOpqlB8it1EKm6A==",
      "license": "MIT",
      "dependencies": {
        "pluralize": "^8.0.0"
      }
    },
    "node_modules/@standard-schema/spec": {
      "version": "1.1.0",
      "resolved": "https://registry.npmjs.org/@standard-schema/spec/-/spec-1.1.0.tgz",
      "integrity": "sha512-l2aFy5jALhniG5HgqrD6jXLi/rUWrKvqN/qJx6yoJsgKhblVd+iqqU4RCXavm/jPityDo5TCvKMnpjKnOriy0w==",
      "license": "MIT"
    },
    "node_modules/cookie": {
      "version": "0.7.2",
      "resolved": "https://registry.npmjs.org/cookie/-/cookie-0.7.2.tgz",
      "integrity": "sha512-yki5XnKuf750l50uGTllt6kKILY4nQ1eNIQatoXEByZ5dWgnKqbnqmTrBE5B4N7lrMJKQ2ytWMiTO2o0v6Ew/w==",
      "license": "MIT",
      "engines": {
        "node": ">= 0.6"
      }
    },
    "node_modules/pluralize": {
      "version": "8.0.0",
      "resolved": "https://registry.npmjs.org/pluralize/-/pluralize-8.0.0.tgz",
      "integrity": "sha512-Nc3IT5yHzflTfbjgqWcCPpo7DaKy4FnpB0l/zCAW0Tc7jxAiuqSxHasntB3D7887LSrA93kDJ9IXovxJYxyLCA==",
      "license": "MIT",
      "engines": {
        "node": ">=4"
      }
    },
    "node_modules/typescript": {
      "version": "5.9.3",
      "resolved": "https://registry.npmjs.org/typescript/-/typescript-5.9.3.tgz",
      "integrity": "sha512-jl1vZzPDinLr9eUt3J/t7V6FgNEw9QjvBPdysz9KfQDD41fQrC2Y4vKQdiaUpFT4bXlb1RHhLpp8wtm6M5TgSw==",
      "license": "Apache-2.0",
      "peer": true,
      "bin": {
        "tsc": "bin/tsc",
        "tsserver": "bin/tsserver"
      },
      "engines": {
        "node": ">=14.17"
      }
    }
  }
}
